{
  "requires": true,
  "lockfileVersion": 1,
  "dependencies": {
    "simplelightbox": {
      "version": "2.10.1",
      "resolved": "https://registry.npmjs.org/simplelightbox/-/simplelightbox-2.10.1.tgz",
      "integrity": "sha512-1NMFYrrC7sd/4uOlRVmqvKRsyab1Z+ak53PLWH+UOLBWL/UL4TFezfOcEZ3e+SSmFgBi7A2cA9MCYp1SdL/cJQ=="
    }
  }
}
